// !$*UTF8*$!
{
	archiveVersion = 1;
	classes = {
	};
	objectVersion = 46;
	objects = {

/* Begin PBXBuildFile section */
		8463314520AB4E400021A8FF /* main.m in Sources */ = {isa = PBXBuildFile; fileRef = 8463314420AB4E400021A8FF /* main.m */; };
		8463314820AB4E400021A8FF /* AppDelegate.m in Sources */ = {isa = PBXBuildFile; fileRef = 8463314720AB4E400021A8FF /* AppDelegate.m */; };
		8463314A20AB4E400021A8FF /* Shader.fsh in Resources */ = {isa = PBXBuildFile; fileRef = 8463314920AB4E400021A8FF /* Shader.fsh */; };
		8463314C20AB4E400021A8FF /* Shader.vsh in Resources */ = {isa = PBXBuildFile; fileRef = 8463314B20AB4E400021A8FF /* Shader.vsh */; };
		8463314F20AB4E400021A8FF /* GameViewController.m in Sources */ = {isa = PBXBuildFile; fileRef = 8463314E20AB4E400021A8FF /* GameViewController.m */; };
		8463315220AB4E400021A8FF /* Main.storyboard in Resources */ = {isa = PBXBuildFile; fileRef = 8463315020AB4E400021A8FF /* Main.storyboard */; };
		8463315420AB4E400021A8FF /* Assets.xcassets in Resources */ = {isa = PBXBuildFile; fileRef = 8463315320AB4E400021A8FF /* Assets.xcassets */; };
		8463315720AB4E400021A8FF /* LaunchScreen.storyboard in Resources */ = {isa = PBXBuildFile; fileRef = 8463315520AB4E400021A8FF /* LaunchScreen.storyboard */; };
/* End PBXBuildFile section */

/* Begin PBXFileReference section */
		8463314020AB4E400021A8FF /* iosapp.app */ = {isa = PBXFileReference; explicitFileType = wrapper.application; includeInIndex = 0; path = iosapp.app; sourceTree = BUILT_PRODUCTS_DIR; };
		8463314420AB4E400021A8FF /* main.m */ = {isa = PBXFileReference; lastKnownFileType = sourcecode.c.objc; path = main.m; sourceTree = "<group>"; };
		8463314620AB4E400021A8FF /* AppDelegate.h */ = {isa = PBXFileReference; lastKnownFileType = sourcecode.c.h; path = AppDelegate.h; sourceTree = "<group>"; };
		8463314720AB4E400021A8FF /* AppDelegate.m */ = {isa = PBXFileReference; lastKnownFileType = sourcecode.c.objc; path = AppDelegate.m; sourceTree = "<group>"; };
		8463314920AB4E400021A8FF /* Shader.fsh */ = {isa = PBXFileReference; lastKnownFileType = sourcecode.glsl; name = Shader.fsh; path = Shaders/Shader.fsh; sourceTree = "<group>"; };
		8463314B20AB4E400021A8FF /* Shader.vsh */ = {isa = PBXFileReference; lastKnownFileType = sourcecode.glsl; name = Shader.vsh; path = Shaders/Shader.vsh; sourceTree = "<group>"; };
		8463314D20AB4E400021A8FF /* GameViewController.h */ = {isa = PBXFileReference; lastKnownFileType = sourcecode.c.h; path = GameViewController.h; sourceTree = "<group>"; };
		8463314E20AB4E400021A8FF /* GameViewController.m */ = {isa = PBXFileReference; lastKnownFileType = sourcecode.c.objc; path = GameViewController.m; sourceTree = "<group>"; };
		8463315120AB4E400021A8FF /* Base */ = {isa = PBXFileReference; lastKnownFileType = file.storyboard; name = Base; path = Base.lproj/Main.storyboard; sourceTree = "<group>"; };
		8463315320AB4E400021A8FF /* Assets.xcassets */ = {isa = PBXFileReference; lastKnownFileType = folder.assetcatalog; path = Assets.xcassets; sourceTree = "<group>"; };
		8463315620AB4E400021A8FF /* Base */ = {isa = PBXFileReference; lastKnownFileType = file.storyboard; name = Base; path = Base.lproj/LaunchScreen.storyboard; sourceTree = "<group>"; };
		8463315820AB4E400021A8FF /* Info.plist */ = {isa = PBXFileReference; lastKnownFileType = text.plist.xml; path = Info.plist; sourceTree = "<group>"; };
/* End PBXFileReference section */

/* Begin PBXFrameworksBuildPhase section */
		8463313D20AB4E400021A8FF /* Frameworks */ = {
			isa = PBXFrameworksBuildPhase;
			buildActionMask = 2147483647;
			files = (
			);
			runOnlyForDeploymentPostprocessing = 0;
		};
/* End PBXFrameworksBuildPhase section */

/* Begin PBXGroup section */
		8463313720AB4E400021A8FF = {
			isa = PBXGroup;
			children = (
				8463314220AB4E400021A8FF /* iosapp */,
				8463314120AB4E400021A8FF /* Products */,
			);
			sourceTree = "<group>";
		};
		8463314120AB4E400021A8FF /* Products */ = {
			isa = PBXGroup;
			children = (
				8463314020AB4E400021A8FF /* iosapp.app */,
			);
			name = Products;
			sourceTree = "<group>";
		};
		8463314220AB4E400021A8FF /* iosapp */ = {
			isa = PBXGroup;
			children = (
				8463314620AB4E400021A8FF /* AppDelegate.h */,
				8463314720AB4E400021A8FF /* AppDelegate.m */,
				8463314920AB4E400021A8FF /* Shader.fsh */,
				8463314B20AB4E400021A8FF /* Shader.vsh */,
				8463314D20AB4E400021A8FF /* GameViewController.h */,
				8463314E20AB4E400021A8FF /* GameViewController.m */,
				8463315020AB4E400021A8FF /* Main.storyboard */,
				8463315320AB4E400021A8FF /* Assets.xcassets */,
				8463315520AB4E400021A8FF /* LaunchScreen.storyboard */,
				8463315820AB4E400021A8FF /* Info.plist */,
				8463314320AB4E400021A8FF /* Supporting Files */,
			);
			path = iosapp;
			sourceTree = "<group>";
		};
		8463314320AB4E400021A8FF /* Supporting Files */ = {
			isa = PBXGroup;
			children = (
				8463314420AB4E400021A8FF /* main.m */,
			);
			name = "Supporting Files";
			sourceTree = "<group>";
		};
/* End PBXGroup section */

/* Begin PBXNativeTarget section */
		8463313F20AB4E400021A8FF /* iosapp */ = {
			isa = PBXNativeTarget;
			buildConfigurationList = 8463315B20AB4E400021A8FF /* Build configuration list for PBXNativeTarget "iosapp" */;
			buildPhases = (
				8463313C20AB4E400021A8FF /* Sources */,
				8463313D20AB4E400021A8FF /* Frameworks */,
				8463313E20AB4E400021A8FF /* Resources */,
			);
			buildRules = (
			);
			dependencies = (
			);
			name = iosapp;
			productName = iosapp;
			productReference = 8463314020AB4E400021A8FF /* iosapp.app */;
			productType = "com.apple.product-type.application";
		};
/* End PBXNativeTarget section */

/* Begin PBXProject section */
		8463313820AB4E400021A8FF /* Project object */ = {
			isa = PBXProject;
			attributes = {
				LastUpgradeCheck = 0800;
				ORGANIZATIONNAME = myOrganizationName;
				TargetAttributes = {
					8463313F20AB4E400021A8FF = {
						CreatedOnToolsVersion = 8.0;
						ProvisioningStyle = Automatic;
					};
				};
			};
			buildConfigurationList = 8463313B20AB4E400021A8FF /* Build configuration list for PBXProject "iosapp" */;
			compatibilityVersion = "Xcode 3.2";
			developmentRegion = English;
			hasScannedForEncodings = 0;
			knownRegions = (
				en,
				Base,
			);
			mainGroup = 8463313720AB4E400021A8FF;
			productRefGroup = 8463314120AB4E400021A8FF /* Products */;
			projectDirPath = "";
			projectRoot = "";
			targets = (
				8463313F20AB4E400021A8FF /* iosapp */,
			);
		};
/* End PBXProject section */

/* Begin PBXResourcesBuildPhase section */
		8463313E20AB4E400021A8FF /* Resources */ = {
			isa = PBXResourcesBuildPhase;
			buildActionMask = 2147483647;
			files = (
				8463315220AB4E400021A8FF /* Main.storyboard in Resources */,
				8463314C20AB4E400021A8FF /* Shader.vsh in Resources */,
				8463315420AB4E400021A8FF /* Assets.xcassets in Resources */,
				8463315720AB4E400021A8FF /* LaunchScreen.storyboard in Resources */,
				8463314A20AB4E400021A8FF /* Shader.fsh in Resources */,
			);
			runOnlyForDeploymentPostprocessing = 0;
		};
/* End PBXResourcesBuildPhase section */

/* Begin PBXSourcesBuildPhase section */
		8463313C20AB4E400021A8FF /* Sources */ = {
			isa = PBXSourcesBuildPhase;
			buildActionMask = 2147483647;
			files = (
				8463314820AB4E400021A8FF /* AppDelegate.m in Sources */,
				8463314F20AB4E400021A8FF /* GameViewController.m in Sources */,
				8463314520AB4E400021A8FF /* main.m in Sources */,
			);
			runOnlyForDeploymentPostprocessing = 0;
		};
/* End PBXSourcesBuildPhase section */

/* Begin PBXVariantGroup section */
		8463315020AB4E400021A8FF /* Main.storyboard */ = {
			isa = PBXVariantGroup;
			children = (
				8463315120AB4E400021A8FF /* Base */,
			);
			name = Main.storyboard;
			sourceTree = "<group>";
		};
		8463315520AB4E400021A8FF /* LaunchScreen.storyboard */ = {
			isa = PBXVariantGroup;
			children = (
				8463315620AB4E400021A8FF /* Base */,
			);
			name = LaunchScreen.storyboard;
			sourceTree = "<group>";
		};
/* End PBXVariantGroup section */

/* Begin XCBuildConfiguration section */
		8463315920AB4E400021A8FF /* Debug */ = {
			isa = XCBuildConfiguration;
			buildSettings = {
				ALWAYS_SEARCH_USER_PATHS = NO;
				CLANG_ANALYZER_NONNULL = YES;
				CLANG_CXX_LANGUAGE_STANDARD = "gnu++0x";
				CLANG_CXX_LIBRARY = "libc++";
				CLANG_ENABLE_MODULES = YES;
				CLANG_ENABLE_OBJC_ARC = YES;
				CLANG_WARN_BOOL_CONVERSION = YES;
				CLANG_WARN_CONSTANT_CONVERSION = YES;
				CLANG_WARN_DIRECT_OBJC_ISA_USAGE = YES_ERROR;
				CLANG_WARN_DOCUMENTATION_COMMENTS = YES;
				CLANG_WARN_EMPTY_BODY = YES;
				CLANG_WARN_ENUM_CONVERSION = YES;
				CLANG_WARN_INFINITE_RECURSION = YES;
				CLANG_WARN_INT_CONVERSION = YES;
				CLANG_WARN_OBJC_ROOT_CLASS = YES_ERROR;
				CLANG_WARN_SUSPICIOUS_MOVES = YES;
				CLANG_WARN_UNREACHABLE_CODE = YES;
				CLANG_WARN__DUPLICATE_METHOD_MATCH = YES;
				"CODE_SIGN_IDENTITY[sdk=iphoneos*]" = "iPhone Developer";
				COPY_PHASE_STRIP = NO;
				DEBUG_INFORMATION_FORMAT = dwarf;
				ENABLE_STRICT_OBJC_MSGSEND = YES;
				ENABLE_TESTABILITY = YES;
				GCC_C_LANGUAGE_STANDARD = gnu99;
				GCC_DYNAMIC_NO_PIC = NO;
				GCC_NO_COMMON_BLOCKS = YES;
				GCC_OPTIMIZATION_LEVEL = 0;
				GCC_PREPROCESSOR_DEFINITIONS = (
					"DEBUG=1",
					"$(inherited)",
				);
				GCC_WARN_64_TO_32_BIT_CONVERSION = YES;
				GCC_WARN_ABOUT_RETURN_TYPE = YES_ERROR;
				GCC_WARN_UNDECLARED_SELECTOR = YES;
				GCC_WARN_UNINITIALIZED_AUTOS = YES_AGGRESSIVE;
				GCC_WARN_UNUSED_FUNCTION = YES;
				GCC_WARN_UNUSED_VARIABLE = YES;
				IPHONEOS_DEPLOYMENT_TARGET = 10.0;
				MTL_ENABLE_DEBUG_INFO = YES;
				ONLY_ACTIVE_ARCH = YES;
				SDKROOT = iphoneos;
				TARGETED_DEVICE_FAMILY = "1,2";
			};
			name = Debug;
		};
		8463315A20AB4E400021A8FF /* Release */ = {
			isa = XCBuildConfiguration;
			buildSettings = {
				ALWAYS_SEARCH_USER_PATHS = NO;
				CLANG_ANALYZER_NONNULL = YES;
				CLANG_CXX_LANGUAGE_STANDARD = "gnu++0x";
				CLANG_CXX_LIBRARY = "libc++";
				CLANG_ENABLE_MODULES = YES;
				CLANG_ENABLE_OBJC_ARC = YES;
				CLANG_WARN_BOOL_CONVERSION = YES;
				CLANG_WARN_CONSTANT_CONVERSION = YES;
				CLANG_WARN_DIRECT_OBJC_ISA_USAGE = YES_ERROR;
				CLANG_WARN_DOCUMENTATION_COMMENTS = YES;
				CLANG_WARN_EMPTY_BODY = YES;
				CLANG_WARN_ENUM_CONVERSION = YES;
				CLANG_WARN_INFINITE_RECURSION = YES;
				CLANG_WARN_INT_CONVERSION = YES;
				CLANG_WARN_OBJC_ROOT_CLASS = YES_ERROR;
				CLANG_WARN_SUSPICIOUS_MOVES = YES;
				CLANG_WARN_UNREACHABLE_CODE = YES;
				CLANG_WARN__DUPLICATE_METHOD_MATCH = YES;
				"CODE_SIGN_IDENTITY[sdk=iphoneos*]" = "iPhone Developer";
				COPY_PHASE_STRIP = NO;
				DEBUG_INFORMATION_FORMAT = "dwarf-with-dsym";
				ENABLE_NS_ASSERTIONS = NO;
				ENABLE_STRICT_OBJC_MSGSEND = YES;
				GCC_C_LANGUAGE_STANDARD = gnu99;
				GCC_NO_COMMON_BLOCKS = YES;
				GCC_WARN_64_TO_32_BIT_CONVERSION = YES;
				GCC_WARN_ABOUT_RETURN_TYPE = YES_ERROR;
				GCC_WARN_UNDECLARED_SELECTOR = YES;
				GCC_WARN_UNINITIALIZED_AUTOS = YES_AGGRESSIVE;
				GCC_WARN_UNUSED_FUNCTION = YES;
				GCC_WARN_UNUSED_VARIABLE = YES;
				IPHONEOS_DEPLOYMENT_TARGET = 10.0;
				MTL_ENABLE_DEBUG_INFO = NO;
				SDKROOT = iphoneos;
				TARGETED_DEVICE_FAMILY = "1,2";
				VALIDATE_PRODUCT = YES;
			};
			name = Release;
		};
		8463315C20AB4E400021A8FF /* Debug */ = {
			isa = XCBuildConfiguration;
			buildSettings = {
				ASSETCATALOG_COMPILER_APPICON_NAME = AppIcon;
				INFOPLIST_FILE = iosapp/Info.plist;
				LD_RUNPATH_SEARCH_PATHS = "$(inherited) @executable_path/Frameworks";
				PRODUCT_BUNDLE_IDENTIFIER = myOrganizationIdentifier.iosapp;
				PRODUCT_NAME = "$(TARGET_NAME)";
			};
			name = Debug;
		};
		8463315D20AB4E400021A8FF /* Release */ = {
			isa = XCBuildConfiguration;
			buildSettings = {
				ASSETCATALOG_COMPILER_APPICON_NAME = AppIcon;
				INFOPLIST_FILE = iosapp/Info.plist;
				LD_RUNPATH_SEARCH_PATHS = "$(inherited) @executable_path/Frameworks";
				PRODUCT_BUNDLE_IDENTIFIER = myOrganizationIdentifier.iosapp;
				PRODUCT_NAME = "$(TARGET_NAME)";
			};
			name = Release;
		};
/* End XCBuildConfiguration section */

/* Begin XCConfigurationList section */
		8463313B20AB4E400021A8FF /* Build configuration list for PBXProject "iosapp" */ = {
			isa = XCConfigurationList;
			buildConfigurations = (
				8463315920AB4E400021A8FF /* Debug */,
				8463315A20AB4E400021A8FF /* Release */,
			);
			defaultConfigurationIsVisible = 0;
			defaultConfigurationName = Release;
		};
		8463315B20AB4E400021A8FF /* Build configuration list for PBXNativeTarget "iosapp" */ = {
			isa = XCConfigurationList;
			buildConfigurations = (
				8463315C20AB4E400021A8FF /* Debug */,
				8463315D20AB4E400021A8FF /* Release */,
			);
			defaultConfigurationIsVisible = 0;
		};
/* End XCConfigurationList section */
	};
	rootObject = 8463313820AB4E400021A8FF /* Project object */;
}
